
Microsoft Visual Studio Solution File, Format Version 12.00
# Visual Studio Version 17
VisualStudioVersion = 17.0.32014.148
MinimumVisualStudioVersion = 10.0.40219.1
Project("{FAE04EC0-301F-11D3-BF4B-00C04F79EFBC}") = "CheckTheGoodApp", "CheckTheGoodApp\CheckTheGoodApp.csproj", "{0B96EF73-1BEF-4F7C-8BCD-1928A776091C}"
EndProject
Global
	GlobalSection(SolutionConfigurationPlatforms) = preSolution
		Debug|Any CPU = Debug|Any CPU
		Release|Any CPU = Release|Any CPU
	EndGlobalSection
	GlobalSection(ProjectConfigurationPlatforms) = postSolution
		{0B96EF73-1BEF-4F7C-8BCD-1928A776091C}.Debug|Any CPU.ActiveCfg = Debug|Any CPU
		{0B96EF73-1BEF-4F7C-8BCD-1928A776091C}.Debug|Any CPU.Build.0 = Debug|Any CPU
		{0B96EF73-1BEF-4F7C-8BCD-1928A776091C}.Release|Any CPU.ActiveCfg = Release|Any CPU
		{0B96EF73-1BEF-4F7C-8BCD-1928A776091C}.Release|Any CPU.Build.0 = Release|Any CPU
	EndGlobalSection
	GlobalSection(SolutionProperties) = preSolution
		HideSolutionNode = FALSE
	EndGlobalSection
	GlobalSection(ExtensibilityGlobals) = postSolution
		SolutionGuid = {C55B4570-C687-4B78-984F-4CE108B85ED1}
	EndGlobalSection
EndGlobal
